// !$*UTF8*$!
{
	archiveVersion = 1;
	classes = {
	};
	objectVersion = 50;
	objects = {

/* Begin PBXBuildFile section */
		1CECA46025D5ED350070521D /* AppDelegate.swift in Sources */ = {isa = PBXBuildFile; fileRef = 1CECA45F25D5ED350070521D /* AppDelegate.swift */; };
		1CECA46225D5ED350070521D /* SceneDelegate.swift in Sources */ = {isa = PBXBuildFile; fileRef = 1CECA46125D5ED350070521D /* SceneDelegate.swift */; };
		1CECA46425D5ED350070521D /* ViewController.swift in Sources */ = {isa = PBXBuildFile; fileRef = 1CECA46325D5ED350070521D /* ViewController.swift */; };
		1CECA46725D5ED350070521D /* Main.storyboard in Resources */ = {isa = PBXBuildFile; fileRef = 1CECA46525D5ED350070521D /* Main.storyboard */; };
		1CECA46925D5ED380070521D /* Assets.xcassets in Resources */ = {isa = PBXBuildFile; fileRef = 1CECA46825D5ED380070521D /* Assets.xcassets */; };
		1CECA46C25D5ED380070521D /* LaunchScreen.storyboard in Resources */ = {isa = PBXBuildFile; fileRef = 1CECA46A25D5ED380070521D /* LaunchScreen.storyboard */; };
		1CECA47725D5ED390070521D /* pomodorobotTests.swift in Sources */ = {isa = PBXBuildFile; fileRef = 1CECA47625D5ED390070521D /* pomodorobotTests.swift */; };
		1CECA48225D5ED390070521D /* pomodorobotUITests.swift in Sources */ = {isa = PBXBuildFile; fileRef = 1CECA48125D5ED390070521D /* pomodorobotUITests.swift */; };
/* End PBXBuildFile section */

/* Begin PBXContainerItemProxy section */
		1CECA47325D5ED390070521D /* PBXContainerItemProxy */ = {
			isa = PBXContainerItemProxy;
			containerPortal = 1CECA45425D5ED350070521D /* Project object */;
			proxyType = 1;
			remoteGlobalIDString = 1CECA45B25D5ED350070521D;
			remoteInfo = pomodorobot;
		};
		1CECA47E25D5ED390070521D /* PBXContainerItemProxy */ = {
			isa = PBXContainerItemProxy;
			containerPortal = 1CECA45425D5ED350070521D /* Project object */;
			proxyType = 1;
			remoteGlobalIDString = 1CECA45B25D5ED350070521D;
			remoteInfo = pomodorobot;
		};
/* End PBXContainerItemProxy section */

/* Begin PBXFileReference section */
		1CECA45C25D5ED350070521D /* pomodorobot.app */ = {isa = PBXFileReference; explicitFileType = wrapper.application; includeInIndex = 0; path = pomodorobot.app; sourceTree = BUILT_PRODUCTS_DIR; };
		1CECA45F25D5ED350070521D /* AppDelegate.swift */ = {isa = PBXFileReference; lastKnownFileType = sourcecode.swift; path = AppDelegate.swift; sourceTree = "<group>"; };
		1CECA46125D5ED350070521D /* SceneDelegate.swift */ = {isa = PBXFileReference; lastKnownFileType = sourcecode.swift; path = SceneDelegate.swift; sourceTree = "<group>"; };
		1CECA46325D5ED350070521D /* ViewController.swift */ = {isa = PBXFileReference; lastKnownFileType = sourcecode.swift; path = ViewController.swift; sourceTree = "<group>"; };
		1CECA46625D5ED350070521D /* Base */ = {isa = PBXFileReference; lastKnownFileType = file.storyboard; name = Base; path = Base.lproj/Main.storyboard; sourceTree = "<group>"; };
		1CECA46825D5ED380070521D /* Assets.xcassets */ = {isa = PBXFileReference; lastKnownFileType = folder.assetcatalog; path = Assets.xcassets; sourceTree = "<group>"; };
		1CECA46B25D5ED380070521D /* Base */ = {isa = PBXFileReference; lastKnownFileType = file.storyboard; name = Base; path = Base.lproj/LaunchScreen.storyboard; sourceTree = "<group>"; };
		1CECA46D25D5ED380070521D /* Info.plist */ = {isa = PBXFileReference; lastKnownFileType = text.plist.xml; path = Info.plist; sourceTree = "<group>"; };
		1CECA47225D5ED390070521D /* pomodorobotTests.xctest */ = {isa = PBXFileReference; explicitFileType = wrapper.cfbundle; includeInIndex = 0; path = pomodorobotTests.xctest; sourceTree = BUILT_PRODUCTS_DIR; };
		1CECA47625D5ED390070521D /* pomodorobotTests.swift */ = {isa = PBXFileReference; lastKnownFileType = sourcecode.swift; path = pomodorobotTests.swift; sourceTree = "<group>"; };
		1CECA47825D5ED390070521D /* Info.plist */ = {isa = PBXFileReference; lastKnownFileType = text.plist.xml; path = Info.plist; sourceTree = "<group>"; };
		1CECA47D25D5ED390070521D /* pomodorobotUITests.xctest */ = {isa = PBXFileReference; explicitFileType = wrapper.cfbundle; includeInIndex = 0; path = pomodorobotUITests.xctest; sourceTree = BUILT_PRODUCTS_DIR; };
		1CECA48125D5ED390070521D /* pomodorobotUITests.swift */ = {isa = PBXFileReference; lastKnownFileType = sourcecode.swift; path = pomodorobotUITests.swift; sourceTree = "<group>"; };
		1CECA48325D5ED390070521D /* Info.plist */ = {isa = PBXFileReference; lastKnownFileType = text.plist.xml; path = Info.plist; sourceTree = "<group>"; };
/* End PBXFileReference section */

/* Begin PBXFrameworksBuildPhase section */
		1CECA45925D5ED350070521D /* Frameworks */ = {
			isa = PBXFrameworksBuildPhase;
			buildActionMask = 2147483647;
			files = (
			);
			runOnlyForDeploymentPostprocessing = 0;
		};
		1CECA46F25D5ED390070521D /* Frameworks */ = {
			isa = PBXFrameworksBuildPhase;
			buildActionMask = 2147483647;
			files = (
			);
			runOnlyForDeploymentPostprocessing = 0;
		};
		1CECA47A25D5ED390070521D /* Frameworks */ = {
			isa = PBXFrameworksBuildPhase;
			buildActionMask = 2147483647;
			files = (
			);
			runOnlyForDeploymentPostprocessing = 0;
		};
/* End PBXFrameworksBuildPhase section */

/* Begin PBXGroup section */
		1CECA45325D5ED350070521D = {
			isa = PBXGroup;
			children = (
				1CECA45E25D5ED350070521D /* pomodorobot */,
				1CECA47525D5ED390070521D /* pomodorobotTests */,
				1CECA48025D5ED390070521D /* pomodorobotUITests */,
				1CECA45D25D5ED350070521D /* Products */,
			);
			sourceTree = "<group>";
		};
		1CECA45D25D5ED350070521D /* Products */ = {
			isa = PBXGroup;
			children = (
				1CECA45C25D5ED350070521D /* pomodorobot.app */,
				1CECA47225D5ED390070521D /* pomodorobotTests.xctest */,
				1CECA47D25D5ED390070521D /* pomodorobotUITests.xctest */,
			);
			name = Products;
			sourceTree = "<group>";
		};
		1CECA45E25D5ED350070521D /* pomodorobot */ = {
			isa = PBXGroup;
			children = (
				1CECA45F25D5ED350070521D /* AppDelegate.swift */,
				1CECA46125D5ED350070521D /* SceneDelegate.swift */,
				1CECA46325D5ED350070521D /* ViewController.swift */,
				1CECA46525D5ED350070521D /* Main.storyboard */,
				1CECA46825D5ED380070521D /* Assets.xcassets */,
				1CECA46A25D5ED380070521D /* LaunchScreen.storyboard */,
				1CECA46D25D5ED380070521D /* Info.plist */,
			);
			path = pomodorobot;
			sourceTree = "<group>";
		};
		1CECA47525D5ED390070521D /* pomodorobotTests */ = {
			isa = PBXGroup;
			children = (
				1CECA47625D5ED390070521D /* pomodorobotTests.swift */,
				1CECA47825D5ED390070521D /* Info.plist */,
			);
			path = pomodorobotTests;
			sourceTree = "<group>";
		};
		1CECA48025D5ED390070521D /* pomodorobotUITests */ = {
			isa = PBXGroup;
			children = (
				1CECA48125D5ED390070521D /* pomodorobotUITests.swift */,
				1CECA48325D5ED390070521D /* Info.plist */,
			);
			path = pomodorobotUITests;
			sourceTree = "<group>";
		};
/* End PBXGroup section */

/* Begin PBXNativeTarget section */
		1CECA45B25D5ED350070521D /* pomodorobot */ = {
			isa = PBXNativeTarget;
			buildConfigurationList = 1CECA48625D5ED390070521D /* Build configuration list for PBXNativeTarget "pomodorobot" */;
			buildPhases = (
				1CECA45825D5ED350070521D /* Sources */,
				1CECA45925D5ED350070521D /* Frameworks */,
				1CECA45A25D5ED350070521D /* Resources */,
			);
			buildRules = (
			);
			dependencies = (
			);
			name = pomodorobot;
			productName = pomodorobot;
			productReference = 1CECA45C25D5ED350070521D /* pomodorobot.app */;
			productType = "com.apple.product-type.application";
		};
		1CECA47125D5ED390070521D /* pomodorobotTests */ = {
			isa = PBXNativeTarget;
			buildConfigurationList = 1CECA48925D5ED390070521D /* Build configuration list for PBXNativeTarget "pomodorobotTests" */;
			buildPhases = (
				1CECA46E25D5ED390070521D /* Sources */,
				1CECA46F25D5ED390070521D /* Frameworks */,
				1CECA47025D5ED390070521D /* Resources */,
			);
			buildRules = (
			);
			dependencies = (
				1CECA47425D5ED390070521D /* PBXTargetDependency */,
			);
			name = pomodorobotTests;
			productName = pomodorobotTests;
			productReference = 1CECA47225D5ED390070521D /* pomodorobotTests.xctest */;
			productType = "com.apple.product-type.bundle.unit-test";
		};
		1CECA47C25D5ED390070521D /* pomodorobotUITests */ = {
			isa = PBXNativeTarget;
			buildConfigurationList = 1CECA48C25D5ED390070521D /* Build configuration list for PBXNativeTarget "pomodorobotUITests" */;
			buildPhases = (
				1CECA47925D5ED390070521D /* Sources */,
				1CECA47A25D5ED390070521D /* Frameworks */,
				1CECA47B25D5ED390070521D /* Resources */,
			);
			buildRules = (
			);
			dependencies = (
				1CECA47F25D5ED390070521D /* PBXTargetDependency */,
			);
			name = pomodorobotUITests;
			productName = pomodorobotUITests;
			productReference = 1CECA47D25D5ED390070521D /* pomodorobotUITests.xctest */;
			productType = "com.apple.product-type.bundle.ui-testing";
		};
/* End PBXNativeTarget section */

/* Begin PBXProject section */
		1CECA45425D5ED350070521D /* Project object */ = {
			isa = PBXProject;
			attributes = {
				LastSwiftUpdateCheck = 1240;
				LastUpgradeCheck = 1240;
				TargetAttributes = {
					1CECA45B25D5ED350070521D = {
						CreatedOnToolsVersion = 12.4;
					};
					1CECA47125D5ED390070521D = {
						CreatedOnToolsVersion = 12.4;
						TestTargetID = 1CECA45B25D5ED350070521D;
					};
					1CECA47C25D5ED390070521D = {
						CreatedOnToolsVersion = 12.4;
						TestTargetID = 1CECA45B25D5ED350070521D;
					};
				};
			};
			buildConfigurationList = 1CECA45725D5ED350070521D /* Build configuration list for PBXProject "pomodorobot" */;
			compatibilityVersion = "Xcode 9.3";
			developmentRegion = en;
			hasScannedForEncodings = 0;
			knownRegions = (
				en,
				Base,
			);
			mainGroup = 1CECA45325D5ED350070521D;
			productRefGroup = 1CECA45D25D5ED350070521D /* Products */;
			projectDirPath = "";
			projectRoot = "";
			targets = (
				1CECA45B25D5ED350070521D /* pomodorobot */,
				1CECA47125D5ED390070521D /* pomodorobotTests */,
				1CECA47C25D5ED390070521D /* pomodorobotUITests */,
			);
		};
/* End PBXProject section */

/* Begin PBXResourcesBuildPhase section */
		1CECA45A25D5ED350070521D /* Resources */ = {
			isa = PBXResourcesBuildPhase;
			buildActionMask = 2147483647;
			files = (
				1CECA46C25D5ED380070521D /* LaunchScreen.storyboard in Resources */,
				1CECA46925D5ED380070521D /* Assets.xcassets in Resources */,
				1CECA46725D5ED350070521D /* Main.storyboard in Resources */,
			);
			runOnlyForDeploymentPostprocessing = 0;
		};
		1CECA47025D5ED390070521D /* Resources */ = {
			isa = PBXResourcesBuildPhase;
			buildActionMask = 2147483647;
			files = (
			);
			runOnlyForDeploymentPostprocessing = 0;
		};
		1CECA47B25D5ED390070521D /* Resources */ = {
			isa = PBXResourcesBuildPhase;
			buildActionMask = 2147483647;
			files = (
			);
			runOnlyForDeploymentPostprocessing = 0;
		};
/* End PBXResourcesBuildPhase section */

/* Begin PBXSourcesBuildPhase section */
		1CECA45825D5ED350070521D /* Sources */ = {
			isa = PBXSourcesBuildPhase;
			buildActionMask = 2147483647;
			files = (
				1CECA46425D5ED350070521D /* ViewController.swift in Sources */,
				1CECA46025D5ED350070521D /* AppDelegate.swift in Sources */,
				1CECA46225D5ED350070521D /* SceneDelegate.swift in Sources */,
			);
			runOnlyForDeploymentPostprocessing = 0;
		};
		1CECA46E25D5ED390070521D /* Sources */ = {
			isa = PBXSourcesBuildPhase;
			buildActionMask = 2147483647;
			files = (
				1CECA47725D5ED390070521D /* pomodorobotTests.swift in Sources */,
			);
			runOnlyForDeploymentPostprocessing = 0;
		};
		1CECA47925D5ED390070521D /* Sources */ = {
			isa = PBXSourcesBuildPhase;
			buildActionMask = 2147483647;
			files = (
				1CECA48225D5ED390070521D /* pomodorobotUITests.swift in Sources */,
			);
			runOnlyForDeploymentPostprocessing = 0;
		};
/* End PBXSourcesBuildPhase section */

/* Begin PBXTargetDependency section */
		1CECA47425D5ED390070521D /* PBXTargetDependency */ = {
			isa = PBXTargetDependency;
			target = 1CECA45B25D5ED350070521D /* pomodorobot */;
			targetProxy = 1CECA47325D5ED390070521D /* PBXContainerItemProxy */;
		};
		1CECA47F25D5ED390070521D /* PBXTargetDependency */ = {
			isa = PBXTargetDependency;
			target = 1CECA45B25D5ED350070521D /* pomodorobot */;
			targetProxy = 1CECA47E25D5ED390070521D /* PBXContainerItemProxy */;
		};
/* End PBXTargetDependency section */

/* Begin PBXVariantGroup section */
		1CECA46525D5ED350070521D /* Main.storyboard */ = {
			isa = PBXVariantGroup;
			children = (
				1CECA46625D5ED350070521D /* Base */,
			);
			name = Main.storyboard;
			sourceTree = "<group>";
		};
		1CECA46A25D5ED380070521D /* LaunchScreen.storyboard */ = {
			isa = PBXVariantGroup;
			children = (
				1CECA46B25D5ED380070521D /* Base */,
			);
			name = LaunchScreen.storyboard;
			sourceTree = "<group>";
		};
/* End PBXVariantGroup section */

/* Begin XCBuildConfiguration section */
		1CECA48425D5ED390070521D /* Debug */ = {
			isa = XCBuildConfiguration;
			buildSettings = {
				ALWAYS_SEARCH_USER_PATHS = NO;
				CLANG_ANALYZER_NONNULL = YES;
				CLANG_ANALYZER_NUMBER_OBJECT_CONVERSION = YES_AGGRESSIVE;
				CLANG_CXX_LANGUAGE_STANDARD = "gnu++14";
				CLANG_CXX_LIBRARY = "libc++";
				CLANG_ENABLE_MODULES = YES;
				CLANG_ENABLE_OBJC_ARC = YES;
				CLANG_ENABLE_OBJC_WEAK = YES;
				CLANG_WARN_BLOCK_CAPTURE_AUTORELEASING = YES;
				CLANG_WARN_BOOL_CONVERSION = YES;
				CLANG_WARN_COMMA = YES;
				CLANG_WARN_CONSTANT_CONVERSION = YES;
				CLANG_WARN_DEPRECATED_OBJC_IMPLEMENTATIONS = YES;
				CLANG_WARN_DIRECT_OBJC_ISA_USAGE = YES_ERROR;
				CLANG_WARN_DOCUMENTATION_COMMENTS = YES;
				CLANG_WARN_EMPTY_BODY = YES;
				CLANG_WARN_ENUM_CONVERSION = YES;
				CLANG_WARN_INFINITE_RECURSION = YES;
				CLANG_WARN_INT_CONVERSION = YES;
				CLANG_WARN_NON_LITERAL_NULL_CONVERSION = YES;
				CLANG_WARN_OBJC_IMPLICIT_RETAIN_SELF = YES;
				CLANG_WARN_OBJC_LITERAL_CONVERSION = YES;
				CLANG_WARN_OBJC_ROOT_CLASS = YES_ERROR;
				CLANG_WARN_QUOTED_INCLUDE_IN_FRAMEWORK_HEADER = YES;
				CLANG_WARN_RANGE_LOOP_ANALYSIS = YES;
				CLANG_WARN_STRICT_PROTOTYPES = YES;
				CLANG_WARN_SUSPICIOUS_MOVE = YES;
				CLANG_WARN_UNGUARDED_AVAILABILITY = YES_AGGRESSIVE;
				CLANG_WARN_UNREACHABLE_CODE = YES;
				CLANG_WARN__DUPLICATE_METHOD_MATCH = YES;
				COPY_PHASE_STRIP = NO;
				DEBUG_INFORMATION_FORMAT = dwarf;
				ENABLE_STRICT_OBJC_MSGSEND = YES;
				ENABLE_TESTABILITY = YES;
				GCC_C_LANGUAGE_STANDARD = gnu11;
				GCC_DYNAMIC_NO_PIC = NO;
				GCC_NO_COMMON_BLOCKS = YES;
				GCC_OPTIMIZATION_LEVEL = 0;
				GCC_PREPROCESSOR_DEFINITIONS = (
					"DEBUG=1",
					"$(inherited)",
				);
				GCC_WARN_64_TO_32_BIT_CONVERSION = YES;
				GCC_WARN_ABOUT_RETURN_TYPE = YES_ERROR;
				GCC_WARN_UNDECLARED_SELECTOR = YES;
				GCC_WARN_UNINITIALIZED_AUTOS = YES_AGGRESSIVE;
				GCC_WARN_UNUSED_FUNCTION = YES;
				GCC_WARN_UNUSED_VARIABLE = YES;
				IPHONEOS_DEPLOYMENT_TARGET = 14.4;
				MTL_ENABLE_DEBUG_INFO = INCLUDE_SOURCE;
				MTL_FAST_MATH = YES;
				ONLY_ACTIVE_ARCH = YES;
				SDKROOT = iphoneos;
				SWIFT_ACTIVE_COMPILATION_CONDITIONS = DEBUG;
				SWIFT_OPTIMIZATION_LEVEL = "-Onone";
			};
			name = Debug;
		};
		1CECA48525D5ED390070521D /* Release */ = {
			isa = XCBuildConfiguration;
			buildSettings = {
				ALWAYS_SEARCH_USER_PATHS = NO;
				CLANG_ANALYZER_NONNULL = YES;
				CLANG_ANALYZER_NUMBER_OBJECT_CONVERSION = YES_AGGRESSIVE;
				CLANG_CXX_LANGUAGE_STANDARD = "gnu++14";
				CLANG_CXX_LIBRARY = "libc++";
				CLANG_ENABLE_MODULES = YES;
				CLANG_ENABLE_OBJC_ARC = YES;
				CLANG_ENABLE_OBJC_WEAK = YES;
				CLANG_WARN_BLOCK_CAPTURE_AUTORELEASING = YES;
				CLANG_WARN_BOOL_CONVERSION = YES;
				CLANG_WARN_COMMA = YES;
				CLANG_WARN_CONSTANT_CONVERSION = YES;
				CLANG_WARN_DEPRECATED_OBJC_IMPLEMENTATIONS = YES;
				CLANG_WARN_DIRECT_OBJC_ISA_USAGE = YES_ERROR;
				CLANG_WARN_DOCUMENTATION_COMMENTS = YES;
				CLANG_WARN_EMPTY_BODY = YES;
				CLANG_WARN_ENUM_CONVERSION = YES;
				CLANG_WARN_INFINITE_RECURSION = YES;
				CLANG_WARN_INT_CONVERSION = YES;
				CLANG_WARN_NON_LITERAL_NULL_CONVERSION = YES;
				CLANG_WARN_OBJC_IMPLICIT_RETAIN_SELF = YES;
				CLANG_WARN_OBJC_LITERAL_CONVERSION = YES;
				CLANG_WARN_OBJC_ROOT_CLASS = YES_ERROR;
				CLANG_WARN_QUOTED_INCLUDE_IN_FRAMEWORK_HEADER = YES;
				CLANG_WARN_RANGE_LOOP_ANALYSIS = YES;
				CLANG_WARN_STRICT_PROTOTYPES = YES;
				CLANG_WARN_SUSPICIOUS_MOVE = YES;
				CLANG_WARN_UNGUARDED_AVAILABILITY = YES_AGGRESSIVE;
				CLANG_WARN_UNREACHABLE_CODE = YES;
				CLANG_WARN__DUPLICATE_METHOD_MATCH = YES;
				COPY_PHASE_STRIP = NO;
				DEBUG_INFORMATION_FORMAT = "dwarf-with-dsym";
				ENABLE_NS_ASSERTIONS = NO;
				ENABLE_STRICT_OBJC_MSGSEND = YES;
				GCC_C_LANGUAGE_STANDARD = gnu11;
				GCC_NO_COMMON_BLOCKS = YES;
				GCC_WARN_64_TO_32_BIT_CONVERSION = YES;
				GCC_WARN_ABOUT_RETURN_TYPE = YES_ERROR;
				GCC_WARN_UNDECLARED_SELECTOR = YES;
				GCC_WARN_UNINITIALIZED_AUTOS = YES_AGGRESSIVE;
				GCC_WARN_UNUSED_FUNCTION = YES;
				GCC_WARN_UNUSED_VARIABLE = YES;
				IPHONEOS_DEPLOYMENT_TARGET = 14.4;
				MTL_ENABLE_DEBUG_INFO = NO;
				MTL_FAST_MATH = YES;
				SDKROOT = iphoneos;
				SWIFT_COMPILATION_MODE = wholemodule;
				SWIFT_OPTIMIZATION_LEVEL = "-O";
				VALIDATE_PRODUCT = YES;
			};
			name = Release;
		};
		1CECA48725D5ED390070521D /* Debug */ = {
			isa = XCBuildConfiguration;
			buildSettings = {
				ASSETCATALOG_COMPILER_APPICON_NAME = AppIcon;
				ASSETCATALOG_COMPILER_GLOBAL_ACCENT_COLOR_NAME = AccentColor;
				CODE_SIGN_STYLE = Automatic;
				DEVELOPMENT_TEAM = 777FTD4UQA;
				INFOPLIST_FILE = pomodorobot/Info.plist;
				LD_RUNPATH_SEARCH_PATHS = (
					"$(inherited)",
					"@executable_path/Frameworks",
				);
				PRODUCT_BUNDLE_IDENTIFIER = com.example.pomodorobot;
				PRODUCT_NAME = "$(TARGET_NAME)";
				SWIFT_VERSION = 5.0;
				TARGETED_DEVICE_FAMILY = "1,2";
			};
			name = Debug;
		};
		1CECA48825D5ED390070521D /* Release */ = {
			isa = XCBuildConfiguration;
			buildSettings = {
				ASSETCATALOG_COMPILER_APPICON_NAME = AppIcon;
				ASSETCATALOG_COMPILER_GLOBAL_ACCENT_COLOR_NAME = AccentColor;
				CODE_SIGN_STYLE = Automatic;
				DEVELOPMENT_TEAM = 777FTD4UQA;
				INFOPLIST_FILE = pomodorobot/Info.plist;
				LD_RUNPATH_SEARCH_PATHS = (
					"$(inherited)",
					"@executable_path/Frameworks",
				);
				PRODUCT_BUNDLE_IDENTIFIER = com.example.pomodorobot;
				PRODUCT_NAME = "$(TARGET_NAME)";
				SWIFT_VERSION = 5.0;
				TARGETED_DEVICE_FAMILY = "1,2";
			};
			name = Release;
		};
		1CECA48A25D5ED390070521D /* Debug */ = {
			isa = XCBuildConfiguration;
			buildSettings = {
				ALWAYS_EMBED_SWIFT_STANDARD_LIBRARIES = YES;
				BUNDLE_LOADER = "$(TEST_HOST)";
				CODE_SIGN_STYLE = Automatic;
				DEVELOPMENT_TEAM = 777FTD4UQA;
				INFOPLIST_FILE = pomodorobotTests/Info.plist;
				IPHONEOS_DEPLOYMENT_TARGET = 14.4;
				LD_RUNPATH_SEARCH_PATHS = (
					"$(inherited)",
					"@executable_path/Frameworks",
					"@loader_path/Frameworks",
				);
				PRODUCT_BUNDLE_IDENTIFIER = com.example.pomodorobotTests;
				PRODUCT_NAME = "$(TARGET_NAME)";
				SWIFT_VERSION = 5.0;
				TARGETED_DEVICE_FAMILY = "1,2";
				TEST_HOST = "$(BUILT_PRODUCTS_DIR)/pomodorobot.app/pomodorobot";
			};
			name = Debug;
		};
		1CECA48B25D5ED390070521D /* Release */ = {
			isa = XCBuildConfiguration;
			buildSettings = {
				ALWAYS_EMBED_SWIFT_STANDARD_LIBRARIES = YES;
				BUNDLE_LOADER = "$(TEST_HOST)";
				CODE_SIGN_STYLE = Automatic;
				DEVELOPMENT_TEAM = 777FTD4UQA;
				INFOPLIST_FILE = pomodorobotTests/Info.plist;
				IPHONEOS_DEPLOYMENT_TARGET = 14.4;
				LD_RUNPATH_SEARCH_PATHS = (
					"$(inherited)",
					"@executable_path/Frameworks",
					"@loader_path/Frameworks",
				);
				PRODUCT_BUNDLE_IDENTIFIER = com.example.pomodorobotTests;
				PRODUCT_NAME = "$(TARGET_NAME)";
				SWIFT_VERSION = 5.0;
				TARGETED_DEVICE_FAMILY = "1,2";
				TEST_HOST = "$(BUILT_PRODUCTS_DIR)/pomodorobot.app/pomodorobot";
			};
			name = Release;
		};
		1CECA48D25D5ED390070521D /* Debug */ = {
			isa = XCBuildConfiguration;
			buildSettings = {
				ALWAYS_EMBED_SWIFT_STANDARD_LIBRARIES = YES;
				CODE_SIGN_STYLE = Automatic;
				DEVELOPMENT_TEAM = 777FTD4UQA;
				INFOPLIST_FILE = pomodorobotUITests/Info.plist;
				LD_RUNPATH_SEARCH_PATHS = (
					"$(inherited)",
					"@executable_path/Frameworks",
					"@loader_path/Frameworks",
				);
				PRODUCT_BUNDLE_IDENTIFIER = com.example.pomodorobotUITests;
				PRODUCT_NAME = "$(TARGET_NAME)";
				SWIFT_VERSION = 5.0;
				TARGETED_DEVICE_FAMILY = "1,2";
				TEST_TARGET_NAME = pomodorobot;
			};
			name = Debug;
		};
		1CECA48E25D5ED390070521D /* Release */ = {
			isa = XCBuildConfiguration;
			buildSettings = {
				ALWAYS_EMBED_SWIFT_STANDARD_LIBRARIES = YES;
				CODE_SIGN_STYLE = Automatic;
				DEVELOPMENT_TEAM = 777FTD4UQA;
				INFOPLIST_FILE = pomodorobotUITests/Info.plist;
				LD_RUNPATH_SEARCH_PATHS = (
					"$(inherited)",
					"@executable_path/Frameworks",
					"@loader_path/Frameworks",
				);
				PRODUCT_BUNDLE_IDENTIFIER = com.example.pomodorobotUITests;
				PRODUCT_NAME = "$(TARGET_NAME)";
				SWIFT_VERSION = 5.0;
				TARGETED_DEVICE_FAMILY = "1,2";
				TEST_TARGET_NAME = pomodorobot;
			};
			name = Release;
		};
/* End XCBuildConfiguration section */

/* Begin XCConfigurationList section */
		1CECA45725D5ED350070521D /* Build configuration list for PBXProject "pomodorobot" */ = {
			isa = XCConfigurationList;
			buildConfigurations = (
				1CECA48425D5ED390070521D /* Debug */,
				1CECA48525D5ED390070521D /* Release */,
			);
			defaultConfigurationIsVisible = 0;
			defaultConfigurationName = Release;
		};
		1CECA48625D5ED390070521D /* Build configuration list for PBXNativeTarget "pomodorobot" */ = {
			isa = XCConfigurationList;
			buildConfigurations = (
				1CECA48725D5ED390070521D /* Debug */,
				1CECA48825D5ED390070521D /* Release */,
			);
			defaultConfigurationIsVisible = 0;
			defaultConfigurationName = Release;
		};
		1CECA48925D5ED390070521D /* Build configuration list for PBXNativeTarget "pomodorobotTests" */ = {
			isa = XCConfigurationList;
			buildConfigurations = (
				1CECA48A25D5ED390070521D /* Debug */,
				1CECA48B25D5ED390070521D /* Release */,
			);
			defaultConfigurationIsVisible = 0;
			defaultConfigurationName = Release;
		};
		1CECA48C25D5ED390070521D /* Build configuration list for PBXNativeTarget "pomodorobotUITests" */ = {
			isa = XCConfigurationList;
			buildConfigurations = (
				1CECA48D25D5ED390070521D /* Debug */,
				1CECA48E25D5ED390070521D /* Release */,
			);
			defaultConfigurationIsVisible = 0;
			defaultConfigurationName = Release;
		};
/* End XCConfigurationList section */
	};
	rootObject = 1CECA45425D5ED350070521D /* Project object */;
}
